
Microsoft Visual Studio Solution File, Format Version 12.00
# Visual Studio 14
VisualStudioVersion = 14.0.24720.0
MinimumVisualStudioVersion = 10.0.40219.1
Project("{FAE04EC0-301F-11D3-BF4B-00C04F79EFBC}") = "DataBaseDocumentionBuilder", "DataBaseDocumentionBuilder\DataBaseDocumentionBuilder.csproj", "{F7A10080-B13D-417F-93B3-924824EBC1F8}"
EndProject
Project("{2150E333-8FDC-42A3-9474-1A3956D46DE8}") = "Ui", "Ui", "{DA54B365-E03A-4BE0-8C0A-0F6A20569A14}"
EndProject
Project("{8BB2217D-0F2D-49D1-97BC-3654ED321F3B}") = "DataBaseDocumentionBuilder.Web", "DataBaseDocumentionBuilder.Web\DataBaseDocumentionBuilder.Web.xproj", "{7D8A4B32-6FF2-4F35-9C44-1EDC2CBEF024}"
EndProject
Global
	GlobalSection(SolutionConfigurationPlatforms) = preSolution
		Debug|Any CPU = Debug|Any CPU
		Release|Any CPU = Release|Any CPU
	EndGlobalSection
	GlobalSection(ProjectConfigurationPlatforms) = postSolution
		{F7A10080-B13D-417F-93B3-924824EBC1F8}.Debug|Any CPU.ActiveCfg = Debug|Any CPU
		{F7A10080-B13D-417F-93B3-924824EBC1F8}.Debug|Any CPU.Build.0 = Debug|Any CPU
		{F7A10080-B13D-417F-93B3-924824EBC1F8}.Release|Any CPU.ActiveCfg = Release|Any CPU
		{F7A10080-B13D-417F-93B3-924824EBC1F8}.Release|Any CPU.Build.0 = Release|Any CPU
		{7D8A4B32-6FF2-4F35-9C44-1EDC2CBEF024}.Debug|Any CPU.ActiveCfg = Debug|Any CPU
		{7D8A4B32-6FF2-4F35-9C44-1EDC2CBEF024}.Debug|Any CPU.Build.0 = Debug|Any CPU
		{7D8A4B32-6FF2-4F35-9C44-1EDC2CBEF024}.Release|Any CPU.ActiveCfg = Release|Any CPU
		{7D8A4B32-6FF2-4F35-9C44-1EDC2CBEF024}.Release|Any CPU.Build.0 = Release|Any CPU
	EndGlobalSection
	GlobalSection(SolutionProperties) = preSolution
		HideSolutionNode = FALSE
	EndGlobalSection
	GlobalSection(NestedProjects) = preSolution
		{7D8A4B32-6FF2-4F35-9C44-1EDC2CBEF024} = {DA54B365-E03A-4BE0-8C0A-0F6A20569A14}
	EndGlobalSection
EndGlobal
